
Microsoft Visual Studio Solution File, Format Version 12.00
# Visual Studio Version 17
VisualStudioVersion = 17.10.34916.146
MinimumVisualStudioVersion = 10.0.40219.1
Project("{FAE04EC0-301F-11D3-BF4B-00C04F79EFBC}") = "MenStore.Models", "MenStore.Models\MenStore.Models.csproj", "{8912F74E-57DD-4D9B-BD37-2CE9B829BBFA}"
EndProject
Project("{FAE04EC0-301F-11D3-BF4B-00C04F79EFBC}") = "MenStore.DTO", "MenStore.DTO\MenStore.DTO.csproj", "{ABC9F40F-BCA9-4200-898A-5E67E76DF665}"
EndProject
Project("{FAE04EC0-301F-11D3-BF4B-00C04F79EFBC}") = "MenStore.Infrastructure", "MenStore.Infrastructure\MenStore.Infrastructure.csproj", "{41F8A48E-94AD-406B-B748-C44DCC55AB9F}"
EndProject
Project("{FAE04EC0-301F-11D3-BF4B-00C04F79EFBC}") = "MenStore.Context", "MenStore.Context\MenStore.Context.csproj", "{71014762-FC5E-4892-93C8-5AC947216E22}"
EndProject
Project("{FAE04EC0-301F-11D3-BF4B-00C04F79EFBC}") = "MenStore.Application", "MenStore.Application\MenStore.Application.csproj", "{A776E7D9-41A0-4423-B7FE-84CAF01EE245}"
EndProject
Project("{FAE04EC0-301F-11D3-BF4B-00C04F79EFBC}") = "MenStore.PresentationLayer", "MenStore.PresentationLayer\MenStore.PresentationLayer.csproj", "{A68C653F-7F78-4629-8289-071D548E2574}"
EndProject
Global
	GlobalSection(SolutionConfigurationPlatforms) = preSolution
		Debug|Any CPU = Debug|Any CPU
		Release|Any CPU = Release|Any CPU
	EndGlobalSection
	GlobalSection(ProjectConfigurationPlatforms) = postSolution
		{8912F74E-57DD-4D9B-BD37-2CE9B829BBFA}.Debug|Any CPU.ActiveCfg = Debug|Any CPU
		{8912F74E-57DD-4D9B-BD37-2CE9B829BBFA}.Debug|Any CPU.Build.0 = Debug|Any CPU
		{8912F74E-57DD-4D9B-BD37-2CE9B829BBFA}.Release|Any CPU.ActiveCfg = Release|Any CPU
		{8912F74E-57DD-4D9B-BD37-2CE9B829BBFA}.Release|Any CPU.Build.0 = Release|Any CPU
		{ABC9F40F-BCA9-4200-898A-5E67E76DF665}.Debug|Any CPU.ActiveCfg = Debug|Any CPU
		{ABC9F40F-BCA9-4200-898A-5E67E76DF665}.Debug|Any CPU.Build.0 = Debug|Any CPU
		{ABC9F40F-BCA9-4200-898A-5E67E76DF665}.Release|Any CPU.ActiveCfg = Release|Any CPU
		{ABC9F40F-BCA9-4200-898A-5E67E76DF665}.Release|Any CPU.Build.0 = Release|Any CPU
		{41F8A48E-94AD-406B-B748-C44DCC55AB9F}.Debug|Any CPU.ActiveCfg = Debug|Any CPU
		{41F8A48E-94AD-406B-B748-C44DCC55AB9F}.Debug|Any CPU.Build.0 = Debug|Any CPU
		{41F8A48E-94AD-406B-B748-C44DCC55AB9F}.Release|Any CPU.ActiveCfg = Release|Any CPU
		{41F8A48E-94AD-406B-B748-C44DCC55AB9F}.Release|Any CPU.Build.0 = Release|Any CPU
		{71014762-FC5E-4892-93C8-5AC947216E22}.Debug|Any CPU.ActiveCfg = Debug|Any CPU
		{71014762-FC5E-4892-93C8-5AC947216E22}.Debug|Any CPU.Build.0 = Debug|Any CPU
		{71014762-FC5E-4892-93C8-5AC947216E22}.Release|Any CPU.ActiveCfg = Release|Any CPU
		{71014762-FC5E-4892-93C8-5AC947216E22}.Release|Any CPU.Build.0 = Release|Any CPU
		{A776E7D9-41A0-4423-B7FE-84CAF01EE245}.Debug|Any CPU.ActiveCfg = Debug|Any CPU
		{A776E7D9-41A0-4423-B7FE-84CAF01EE245}.Debug|Any CPU.Build.0 = Debug|Any CPU
		{A776E7D9-41A0-4423-B7FE-84CAF01EE245}.Release|Any CPU.ActiveCfg = Release|Any CPU
		{A776E7D9-41A0-4423-B7FE-84CAF01EE245}.Release|Any CPU.Build.0 = Release|Any CPU
		{A68C653F-7F78-4629-8289-071D548E2574}.Debug|Any CPU.ActiveCfg = Debug|Any CPU
		{A68C653F-7F78-4629-8289-071D548E2574}.Debug|Any CPU.Build.0 = Debug|Any CPU
		{A68C653F-7F78-4629-8289-071D548E2574}.Release|Any CPU.ActiveCfg = Release|Any CPU
		{A68C653F-7F78-4629-8289-071D548E2574}.Release|Any CPU.Build.0 = Release|Any CPU
	EndGlobalSection
	GlobalSection(SolutionProperties) = preSolution
		HideSolutionNode = FALSE
	EndGlobalSection
	GlobalSection(ExtensibilityGlobals) = postSolution
		SolutionGuid = {51E8D827-1427-4C15-9F4B-71E25738EEC9}
	EndGlobalSection
EndGlobal
